
Microsoft Visual Studio Solution File, Format Version 12.00
# Visual Studio Version 16
VisualStudioVersion = 16.0.30611.23
MinimumVisualStudioVersion = 10.0.40219.1
Project("{9A19103F-16F7-4668-BE54-9A1E7A4F7556}") = "QLDA.Core.API", "QLDA.Core.API\QLDA.Core.API.csproj", "{4D7BD800-D810-4D51-8BF1-4671534C04EE}"
EndProject
Project("{9A19103F-16F7-4668-BE54-9A1E7A4F7556}") = "NCKH.Core.Domain", "NCKH.Core.Domain\NCKH.Core.Domain.csproj", "{3DA38CFE-1E8D-4038-B99F-E59F9076E841}"
EndProject
Project("{9A19103F-16F7-4668-BE54-9A1E7A4F7556}") = "NCKH.Core.Infrastructure", "NCKH.Core.Infrastructure\NCKH.Core.Infrastructure.csproj", "{C357F19B-5EF7-460D-8061-ADC28C596FF6}"
EndProject
Project("{9A19103F-16F7-4668-BE54-9A1E7A4F7556}") = "NCKH.Infrastruture.Binding", "NCKH.Infrastruture.Binding\NCKH.Infrastruture.Binding.csproj", "{0C447420-04A0-40D9-AE92-47E02994DA6D}"
EndProject
Project("{2150E333-8FDC-42A3-9474-1A3956D46DE8}") = "FileManagenment", "FileManagenment", "{E954A655-6C75-4909-AE7F-4F038E1C22AD}"
EndProject
Project("{9A19103F-16F7-4668-BE54-9A1E7A4F7556}") = "NCKH.QLDA.FileManagenment.API", "NCKH.QLDA.FileManagenment.API\NCKH.QLDA.FileManagenment.API.csproj", "{D159C022-BB75-4F46-8957-8DAD70AAB857}"
EndProject
Project("{2150E333-8FDC-42A3-9474-1A3956D46DE8}") = "NCKHapi", "NCKHapi", "{F47ED654-49F7-4131-A201-4B8D7847EC2D}"
EndProject
Project("{2150E333-8FDC-42A3-9474-1A3956D46DE8}") = "CoreToken", "CoreToken", "{B5A5923C-16B3-4242-BAB3-8237DBDC924F}"
EndProject
Project("{9A19103F-16F7-4668-BE54-9A1E7A4F7556}") = "NCKH.CoreToken.Domain", "KCKH.CoreToken.Domain\NCKH.CoreToken.Domain.csproj", "{42A566C6-2477-48A2-9ACF-98D7F7D3B0B6}"
EndProject
Project("{FAE04EC0-301F-11D3-BF4B-00C04F79EFBC}") = "NCKH.CoreToken.Infrastructure", "..\NCKH.CoreToken.Infrastructure\NCKH.CoreToken.Infrastructure.csproj", "{6B3BA69C-4AED-47BA-97B6-853F3D01D966}"
EndProject
Project("{2150E333-8FDC-42A3-9474-1A3956D46DE8}") = "NCKH.Infrastruture.Binding", "NCKH.Infrastruture.Binding", "{5A835151-3CE1-4CC6-B40F-47BB0F47ADA1}"
EndProject
Project("{FAE04EC0-301F-11D3-BF4B-00C04F79EFBC}") = "NCKH.CoreToken.API", "..\NCKH.CoreToken.API\NCKH.CoreToken.API.csproj", "{27078451-AE97-4972-BDBF-56C8FABD8A96}"
EndProject
Project("{2150E333-8FDC-42A3-9474-1A3956D46DE8}") = "EdsoftDB", "EdsoftDB", "{F5D98FD1-C51D-48EA-870C-0ECED0E8E82B}"
EndProject
Project("{FAE04EC0-301F-11D3-BF4B-00C04F79EFBC}") = "CreateEdusoftDB", "CreateEdusoftDB\CreateEdusoftDB.csproj", "{DDCA849C-2FEE-46BA-BDA8-F88409ED2621}"
EndProject
Global
	GlobalSection(SolutionConfigurationPlatforms) = preSolution
		Debug|Any CPU = Debug|Any CPU
		Release|Any CPU = Release|Any CPU
	EndGlobalSection
	GlobalSection(ProjectConfigurationPlatforms) = postSolution
		{4D7BD800-D810-4D51-8BF1-4671534C04EE}.Debug|Any CPU.ActiveCfg = Debug|Any CPU
		{4D7BD800-D810-4D51-8BF1-4671534C04EE}.Debug|Any CPU.Build.0 = Debug|Any CPU
		{4D7BD800-D810-4D51-8BF1-4671534C04EE}.Release|Any CPU.ActiveCfg = Release|Any CPU
		{4D7BD800-D810-4D51-8BF1-4671534C04EE}.Release|Any CPU.Build.0 = Release|Any CPU
		{3DA38CFE-1E8D-4038-B99F-E59F9076E841}.Debug|Any CPU.ActiveCfg = Debug|Any CPU
		{3DA38CFE-1E8D-4038-B99F-E59F9076E841}.Debug|Any CPU.Build.0 = Debug|Any CPU
		{3DA38CFE-1E8D-4038-B99F-E59F9076E841}.Release|Any CPU.ActiveCfg = Release|Any CPU
		{3DA38CFE-1E8D-4038-B99F-E59F9076E841}.Release|Any CPU.Build.0 = Release|Any CPU
		{C357F19B-5EF7-460D-8061-ADC28C596FF6}.Debug|Any CPU.ActiveCfg = Debug|Any CPU
		{C357F19B-5EF7-460D-8061-ADC28C596FF6}.Debug|Any CPU.Build.0 = Debug|Any CPU
		{C357F19B-5EF7-460D-8061-ADC28C596FF6}.Release|Any CPU.ActiveCfg = Release|Any CPU
		{C357F19B-5EF7-460D-8061-ADC28C596FF6}.Release|Any CPU.Build.0 = Release|Any CPU
		{0C447420-04A0-40D9-AE92-47E02994DA6D}.Debug|Any CPU.ActiveCfg = Debug|Any CPU
		{0C447420-04A0-40D9-AE92-47E02994DA6D}.Debug|Any CPU.Build.0 = Debug|Any CPU
		{0C447420-04A0-40D9-AE92-47E02994DA6D}.Release|Any CPU.ActiveCfg = Release|Any CPU
		{0C447420-04A0-40D9-AE92-47E02994DA6D}.Release|Any CPU.Build.0 = Release|Any CPU
		{D159C022-BB75-4F46-8957-8DAD70AAB857}.Debug|Any CPU.ActiveCfg = Debug|Any CPU
		{D159C022-BB75-4F46-8957-8DAD70AAB857}.Debug|Any CPU.Build.0 = Debug|Any CPU
		{D159C022-BB75-4F46-8957-8DAD70AAB857}.Release|Any CPU.ActiveCfg = Release|Any CPU
		{D159C022-BB75-4F46-8957-8DAD70AAB857}.Release|Any CPU.Build.0 = Release|Any CPU
		{42A566C6-2477-48A2-9ACF-98D7F7D3B0B6}.Debug|Any CPU.ActiveCfg = Debug|Any CPU
		{42A566C6-2477-48A2-9ACF-98D7F7D3B0B6}.Debug|Any CPU.Build.0 = Debug|Any CPU
		{42A566C6-2477-48A2-9ACF-98D7F7D3B0B6}.Release|Any CPU.ActiveCfg = Release|Any CPU
		{42A566C6-2477-48A2-9ACF-98D7F7D3B0B6}.Release|Any CPU.Build.0 = Release|Any CPU
		{6B3BA69C-4AED-47BA-97B6-853F3D01D966}.Debug|Any CPU.ActiveCfg = Debug|Any CPU
		{6B3BA69C-4AED-47BA-97B6-853F3D01D966}.Debug|Any CPU.Build.0 = Debug|Any CPU
		{6B3BA69C-4AED-47BA-97B6-853F3D01D966}.Release|Any CPU.ActiveCfg = Release|Any CPU
		{6B3BA69C-4AED-47BA-97B6-853F3D01D966}.Release|Any CPU.Build.0 = Release|Any CPU
		{27078451-AE97-4972-BDBF-56C8FABD8A96}.Debug|Any CPU.ActiveCfg = Debug|Any CPU
		{27078451-AE97-4972-BDBF-56C8FABD8A96}.Debug|Any CPU.Build.0 = Debug|Any CPU
		{27078451-AE97-4972-BDBF-56C8FABD8A96}.Release|Any CPU.ActiveCfg = Release|Any CPU
		{27078451-AE97-4972-BDBF-56C8FABD8A96}.Release|Any CPU.Build.0 = Release|Any CPU
		{DDCA849C-2FEE-46BA-BDA8-F88409ED2621}.Debug|Any CPU.ActiveCfg = Debug|Any CPU
		{DDCA849C-2FEE-46BA-BDA8-F88409ED2621}.Debug|Any CPU.Build.0 = Debug|Any CPU
		{DDCA849C-2FEE-46BA-BDA8-F88409ED2621}.Release|Any CPU.ActiveCfg = Release|Any CPU
		{DDCA849C-2FEE-46BA-BDA8-F88409ED2621}.Release|Any CPU.Build.0 = Release|Any CPU
	EndGlobalSection
	GlobalSection(SolutionProperties) = preSolution
		HideSolutionNode = FALSE
	EndGlobalSection
	GlobalSection(NestedProjects) = preSolution
		{4D7BD800-D810-4D51-8BF1-4671534C04EE} = {F47ED654-49F7-4131-A201-4B8D7847EC2D}
		{3DA38CFE-1E8D-4038-B99F-E59F9076E841} = {F47ED654-49F7-4131-A201-4B8D7847EC2D}
		{C357F19B-5EF7-460D-8061-ADC28C596FF6} = {F47ED654-49F7-4131-A201-4B8D7847EC2D}
		{0C447420-04A0-40D9-AE92-47E02994DA6D} = {5A835151-3CE1-4CC6-B40F-47BB0F47ADA1}
		{D159C022-BB75-4F46-8957-8DAD70AAB857} = {E954A655-6C75-4909-AE7F-4F038E1C22AD}
		{42A566C6-2477-48A2-9ACF-98D7F7D3B0B6} = {B5A5923C-16B3-4242-BAB3-8237DBDC924F}
		{6B3BA69C-4AED-47BA-97B6-853F3D01D966} = {B5A5923C-16B3-4242-BAB3-8237DBDC924F}
		{27078451-AE97-4972-BDBF-56C8FABD8A96} = {B5A5923C-16B3-4242-BAB3-8237DBDC924F}
		{DDCA849C-2FEE-46BA-BDA8-F88409ED2621} = {F5D98FD1-C51D-48EA-870C-0ECED0E8E82B}
	EndGlobalSection
	GlobalSection(ExtensibilityGlobals) = postSolution
		SolutionGuid = {AB623771-7379-4088-9EA6-86B123963746}
	EndGlobalSection
EndGlobal
